// !$*UTF8*$!
{
	archiveVersion = 1;
	classes = {
	};
	objectVersion = 48;
	objects = {

/* Begin PBXBuildFile section */
		202C59B71FDD1E02001E6A0C /* EventError.swift in Sources */ = {isa = PBXBuildFile; fileRef = 202C59B61FDD1E02001E6A0C /* EventError.swift */; };
		202C59C21FDD2A85001E6A0C /* EventTests.swift in Sources */ = {isa = PBXBuildFile; fileRef = 202C59C11FDD2A85001E6A0C /* EventTests.swift */; };
		202C59C51FDD2C63001E6A0C /* Constants.swift in Sources */ = {isa = PBXBuildFile; fileRef = 202C59C41FDD2C63001E6A0C /* Constants.swift */; };
		20CDF4B01FD9956D00ED98E2 /* Event.swift in Sources */ = {isa = PBXBuildFile; fileRef = 20CDF4AF1FD9956D00ED98E2 /* Event.swift */; };
		20FC7CEE1FDB99940036735E /* EventsVC.swift in Sources */ = {isa = PBXBuildFile; fileRef = 20FC7CED1FDB99940036735E /* EventsVC.swift */; };
		20FDC4CA1FDAD90F0013456B /* EventManager.swift in Sources */ = {isa = PBXBuildFile; fileRef = 20FDC4C91FDAD90F0013456B /* EventManager.swift */; };
		28D540E4C77897253F5231CA /* Pods_SplitWiserUITests.framework in Frameworks */ = {isa = PBXBuildFile; fileRef = 769C5C5A93FF61DC24AF761E /* Pods_SplitWiserUITests.framework */; };
		2F1933D41FDE971E0016C2AE /* CalculationEngine.swift in Sources */ = {isa = PBXBuildFile; fileRef = 2F1933D31FDE971E0016C2AE /* CalculationEngine.swift */; };
		2F7971D01FED7AF1003E7A29 /* EventListTVC.swift in Sources */ = {isa = PBXBuildFile; fileRef = 2F7971CF1FED7AF1003E7A29 /* EventListTVC.swift */; };
		2F7971D21FEE1019003E7A29 /* CreateEventVC.swift in Sources */ = {isa = PBXBuildFile; fileRef = 2F7971D11FEE1019003E7A29 /* CreateEventVC.swift */; };
		2F7971D91FEE61C5003E7A29 /* ParticipantCell.swift in Sources */ = {isa = PBXBuildFile; fileRef = 2F7971D71FEE61C5003E7A29 /* ParticipantCell.swift */; };
		2F7971DA1FEE61C5003E7A29 /* ParticipantCell.xib in Resources */ = {isa = PBXBuildFile; fileRef = 2F7971D81FEE61C5003E7A29 /* ParticipantCell.xib */; };
		2F7971DD1FEE6264003E7A29 /* RoundedImageView.swift in Sources */ = {isa = PBXBuildFile; fileRef = 2F7971DC1FEE6264003E7A29 /* RoundedImageView.swift */; };
		2F7971E01FEE67C2003E7A29 /* UIView_Extension.swift in Sources */ = {isa = PBXBuildFile; fileRef = 2F7971DF1FEE67C2003E7A29 /* UIView_Extension.swift */; };
		2F7971E51FEE7AF5003E7A29 /* ParticipantListView.swift in Sources */ = {isa = PBXBuildFile; fileRef = 2F7971E31FEE7AF4003E7A29 /* ParticipantListView.swift */; };
		2F7971E61FEE7AF5003E7A29 /* ParticipantListView.xib in Resources */ = {isa = PBXBuildFile; fileRef = 2F7971E41FEE7AF4003E7A29 /* ParticipantListView.xib */; };
		2F7971E81FEE8997003E7A29 /* AddEventView.swift in Sources */ = {isa = PBXBuildFile; fileRef = 2F7971E71FEE8997003E7A29 /* AddEventView.swift */; };
		2F7971EA1FEE89A7003E7A29 /* AddEventView.xib in Resources */ = {isa = PBXBuildFile; fileRef = 2F7971E91FEE89A7003E7A29 /* AddEventView.xib */; };
		2F8150C31FDA3E82001F9452 /* Transaction.swift in Sources */ = {isa = PBXBuildFile; fileRef = 2F8150C21FDA3E82001F9452 /* Transaction.swift */; };
		2F8151371FDA9B6A001F9452 /* TransactionManager.swift in Sources */ = {isa = PBXBuildFile; fileRef = 2F8151361FDA9B6A001F9452 /* TransactionManager.swift */; };
		2F81513A1FDAA303001F9452 /* TransactionError.swift in Sources */ = {isa = PBXBuildFile; fileRef = 2F8151391FDAA303001F9452 /* TransactionError.swift */; };
		2F81513E1FDAAC8D001F9452 /* TransactionStatus.swift in Sources */ = {isa = PBXBuildFile; fileRef = 2F81513D1FDAAC8D001F9452 /* TransactionStatus.swift */; };
		2F8151401FDAACAF001F9452 /* TransactionCurrency.swift in Sources */ = {isa = PBXBuildFile; fileRef = 2F81513F1FDAACAF001F9452 /* TransactionCurrency.swift */; };
		2F8151421FDAACE1001F9452 /* UserTranShare.swift in Sources */ = {isa = PBXBuildFile; fileRef = 2F8151411FDAACE1001F9452 /* UserTranShare.swift */; };
		2F8151441FDAACF7001F9452 /* TransactionRepresentable.swift in Sources */ = {isa = PBXBuildFile; fileRef = 2F8151431FDAACF7001F9452 /* TransactionRepresentable.swift */; };
		2F8151461FDAD306001F9452 /* GoogleService-Info.plist in Resources */ = {isa = PBXBuildFile; fileRef = 2F8151451FDAD305001F9452 /* GoogleService-Info.plist */; };
		2F81514A1FDC692A001F9452 /* TransactionDelegate.swift in Sources */ = {isa = PBXBuildFile; fileRef = 2F8151491FDC692A001F9452 /* TransactionDelegate.swift */; };
		2F81514C1FDD8182001F9452 /* TransactionTester.swift in Sources */ = {isa = PBXBuildFile; fileRef = 2F81514B1FDD8182001F9452 /* TransactionTester.swift */; };
		73271BF21FD988E300FD0EBB /* SplitWiserUser.swift in Sources */ = {isa = PBXBuildFile; fileRef = 73271BF11FD988E300FD0EBB /* SplitWiserUser.swift */; };
		7376CEB81FD7AF520010C673 /* AppDelegate.swift in Sources */ = {isa = PBXBuildFile; fileRef = 7376CEB71FD7AF520010C673 /* AppDelegate.swift */; };
		7376CEBD1FD7AF520010C673 /* Main.storyboard in Resources */ = {isa = PBXBuildFile; fileRef = 7376CEBB1FD7AF520010C673 /* Main.storyboard */; };
		7376CEBF1FD7AF520010C673 /* Assets.xcassets in Resources */ = {isa = PBXBuildFile; fileRef = 7376CEBE1FD7AF520010C673 /* Assets.xcassets */; };
		7376CEC21FD7AF520010C673 /* LaunchScreen.storyboard in Resources */ = {isa = PBXBuildFile; fileRef = 7376CEC01FD7AF520010C673 /* LaunchScreen.storyboard */; };
		7376CECD1FD7AF530010C673 /* SplitWiserTests.swift in Sources */ = {isa = PBXBuildFile; fileRef = 7376CECC1FD7AF530010C673 /* SplitWiserTests.swift */; };
		7376CED81FD7AF530010C673 /* SplitWiserUITests.swift in Sources */ = {isa = PBXBuildFile; fileRef = 7376CED71FD7AF530010C673 /* SplitWiserUITests.swift */; };
		73CC52D31FDC229D00CF2376 /* UserManager.swift in Sources */ = {isa = PBXBuildFile; fileRef = 73CC52D21FDC229D00CF2376 /* UserManager.swift */; };
		73E273291FF377AD0039DE47 /* FirebasePersistanceManager.swift in Sources */ = {isa = PBXBuildFile; fileRef = 73E273271FF377AD0039DE47 /* FirebasePersistanceManager.swift */; };
		73E2732A1FF377AD0039DE47 /* Persistance.swift in Sources */ = {isa = PBXBuildFile; fileRef = 73E273281FF377AD0039DE47 /* Persistance.swift */; };
		7E422D3EB28156D5AD18DDFF /* Pods_SplitWiserTests.framework in Frameworks */ = {isa = PBXBuildFile; fileRef = D45D6945FA810C018E60AE88 /* Pods_SplitWiserTests.framework */; };
		88B7B3181FF229AB0083BF22 /* SignInNavController.swift in Sources */ = {isa = PBXBuildFile; fileRef = 88B7B3171FF229AB0083BF22 /* SignInNavController.swift */; };
		88D4F4EA1FF22341005E6CFD /* UserRegistrationPhoneVC.swift in Sources */ = {isa = PBXBuildFile; fileRef = 88D4F4E91FF22341005E6CFD /* UserRegistrationPhoneVC.swift */; };
		88D4F4EC1FF227EF005E6CFD /* LandingPageVC.swift in Sources */ = {isa = PBXBuildFile; fileRef = 88D4F4EB1FF227EF005E6CFD /* LandingPageVC.swift */; };
		FB0906858EE29C63F1176496 /* Pods_SplitWiser.framework in Frameworks */ = {isa = PBXBuildFile; fileRef = 83898C538C14B2FDEE3234A9 /* Pods_SplitWiser.framework */; };
/* End PBXBuildFile section */

/* Begin PBXContainerItemProxy section */
		7376CEC91FD7AF530010C673 /* PBXContainerItemProxy */ = {
			isa = PBXContainerItemProxy;
			containerPortal = 7376CEAC1FD7AF520010C673 /* Project object */;
			proxyType = 1;
			remoteGlobalIDString = 7376CEB31FD7AF520010C673;
			remoteInfo = SplitWiser;
		};
		7376CED41FD7AF530010C673 /* PBXContainerItemProxy */ = {
			isa = PBXContainerItemProxy;
			containerPortal = 7376CEAC1FD7AF520010C673 /* Project object */;
			proxyType = 1;
			remoteGlobalIDString = 7376CEB31FD7AF520010C673;
			remoteInfo = SplitWiser;
		};
/* End PBXContainerItemProxy section */

/* Begin PBXFileReference section */
		0A9FEE336FEC3DD716BEA193 /* Pods-SplitWiser.release.xcconfig */ = {isa = PBXFileReference; includeInIndex = 1; lastKnownFileType = text.xcconfig; name = "Pods-SplitWiser.release.xcconfig"; path = "Pods/Target Support Files/Pods-SplitWiser/Pods-SplitWiser.release.xcconfig"; sourceTree = "<group>"; };
		130A91CFB3C77AF2EE834B93 /* Pods-SplitWiser.debug.xcconfig */ = {isa = PBXFileReference; includeInIndex = 1; lastKnownFileType = text.xcconfig; name = "Pods-SplitWiser.debug.xcconfig"; path = "Pods/Target Support Files/Pods-SplitWiser/Pods-SplitWiser.debug.xcconfig"; sourceTree = "<group>"; };
		145B34C525296BF97FAE3C75 /* Pods-SplitWiserUITests.release.xcconfig */ = {isa = PBXFileReference; includeInIndex = 1; lastKnownFileType = text.xcconfig; name = "Pods-SplitWiserUITests.release.xcconfig"; path = "Pods/Target Support Files/Pods-SplitWiserUITests/Pods-SplitWiserUITests.release.xcconfig"; sourceTree = "<group>"; };
		202C59B61FDD1E02001E6A0C /* EventError.swift */ = {isa = PBXFileReference; lastKnownFileType = sourcecode.swift; path = EventError.swift; sourceTree = "<group>"; };
		202C59C11FDD2A85001E6A0C /* EventTests.swift */ = {isa = PBXFileReference; lastKnownFileType = sourcecode.swift; path = EventTests.swift; sourceTree = "<group>"; };
		202C59C41FDD2C63001E6A0C /* Constants.swift */ = {isa = PBXFileReference; lastKnownFileType = sourcecode.swift; path = Constants.swift; sourceTree = "<group>"; };
		20CDF4AF1FD9956D00ED98E2 /* Event.swift */ = {isa = PBXFileReference; lastKnownFileType = sourcecode.swift; path = Event.swift; sourceTree = "<group>"; };
		20FC7CE91FDB8B340036735E /* SplitWiser.entitlements */ = {isa = PBXFileReference; lastKnownFileType = text.plist.entitlements; path = SplitWiser.entitlements; sourceTree = "<group>"; };
		20FC7CED1FDB99940036735E /* EventsVC.swift */ = {isa = PBXFileReference; lastKnownFileType = sourcecode.swift; path = EventsVC.swift; sourceTree = "<group>"; };
		20FDC4C91FDAD90F0013456B /* EventManager.swift */ = {isa = PBXFileReference; lastKnownFileType = sourcecode.swift; path = EventManager.swift; sourceTree = "<group>"; };
		2F1933D31FDE971E0016C2AE /* CalculationEngine.swift */ = {isa = PBXFileReference; lastKnownFileType = sourcecode.swift; path = CalculationEngine.swift; sourceTree = "<group>"; };
		2F7971CF1FED7AF1003E7A29 /* EventListTVC.swift */ = {isa = PBXFileReference; lastKnownFileType = sourcecode.swift; path = EventListTVC.swift; sourceTree = "<group>"; };
		2F7971D11FEE1019003E7A29 /* CreateEventVC.swift */ = {isa = PBXFileReference; lastKnownFileType = sourcecode.swift; path = CreateEventVC.swift; sourceTree = "<group>"; };
		2F7971D71FEE61C5003E7A29 /* ParticipantCell.swift */ = {isa = PBXFileReference; lastKnownFileType = sourcecode.swift; path = ParticipantCell.swift; sourceTree = "<group>"; };
		2F7971D81FEE61C5003E7A29 /* ParticipantCell.xib */ = {isa = PBXFileReference; lastKnownFileType = file.xib; path = ParticipantCell.xib; sourceTree = "<group>"; };
		2F7971DC1FEE6264003E7A29 /* RoundedImageView.swift */ = {isa = PBXFileReference; lastKnownFileType = sourcecode.swift; path = RoundedImageView.swift; sourceTree = "<group>"; };
		2F7971DF1FEE67C2003E7A29 /* UIView_Extension.swift */ = {isa = PBXFileReference; lastKnownFileType = sourcecode.swift; path = UIView_Extension.swift; sourceTree = "<group>"; };
		2F7971E31FEE7AF4003E7A29 /* ParticipantListView.swift */ = {isa = PBXFileReference; fileEncoding = 4; lastKnownFileType = sourcecode.swift; path = ParticipantListView.swift; sourceTree = "<group>"; };
		2F7971E41FEE7AF4003E7A29 /* ParticipantListView.xib */ = {isa = PBXFileReference; fileEncoding = 4; lastKnownFileType = file.xib; path = ParticipantListView.xib; sourceTree = "<group>"; };
		2F7971E71FEE8997003E7A29 /* AddEventView.swift */ = {isa = PBXFileReference; lastKnownFileType = sourcecode.swift; path = AddEventView.swift; sourceTree = "<group>"; };
		2F7971E91FEE89A7003E7A29 /* AddEventView.xib */ = {isa = PBXFileReference; lastKnownFileType = file.xib; path = AddEventView.xib; sourceTree = "<group>"; };
		2F8150C21FDA3E82001F9452 /* Transaction.swift */ = {isa = PBXFileReference; lastKnownFileType = sourcecode.swift; path = Transaction.swift; sourceTree = "<group>"; };
		2F8151361FDA9B6A001F9452 /* TransactionManager.swift */ = {isa = PBXFileReference; lastKnownFileType = sourcecode.swift; path = TransactionManager.swift; sourceTree = "<group>"; };
		2F8151391FDAA303001F9452 /* TransactionError.swift */ = {isa = PBXFileReference; lastKnownFileType = sourcecode.swift; path = TransactionError.swift; sourceTree = "<group>"; };
		2F81513D1FDAAC8D001F9452 /* TransactionStatus.swift */ = {isa = PBXFileReference; lastKnownFileType = sourcecode.swift; path = TransactionStatus.swift; sourceTree = "<group>"; };
		2F81513F1FDAACAF001F9452 /* TransactionCurrency.swift */ = {isa = PBXFileReference; lastKnownFileType = sourcecode.swift; path = TransactionCurrency.swift; sourceTree = "<group>"; };
		2F8151411FDAACE1001F9452 /* UserTranShare.swift */ = {isa = PBXFileReference; lastKnownFileType = sourcecode.swift; path = UserTranShare.swift; sourceTree = "<group>"; };
		2F8151431FDAACF7001F9452 /* TransactionRepresentable.swift */ = {isa = PBXFileReference; lastKnownFileType = sourcecode.swift; path = TransactionRepresentable.swift; sourceTree = "<group>"; };
		2F8151451FDAD305001F9452 /* GoogleService-Info.plist */ = {isa = PBXFileReference; fileEncoding = 4; lastKnownFileType = text.plist.xml; path = "GoogleService-Info.plist"; sourceTree = "<group>"; };
		2F8151491FDC692A001F9452 /* TransactionDelegate.swift */ = {isa = PBXFileReference; lastKnownFileType = sourcecode.swift; path = TransactionDelegate.swift; sourceTree = "<group>"; };
		2F81514B1FDD8182001F9452 /* TransactionTester.swift */ = {isa = PBXFileReference; lastKnownFileType = sourcecode.swift; path = TransactionTester.swift; sourceTree = "<group>"; };
		414802165F3778B9BF033358 /* Pods-SplitWiserUITests.debug.xcconfig */ = {isa = PBXFileReference; includeInIndex = 1; lastKnownFileType = text.xcconfig; name = "Pods-SplitWiserUITests.debug.xcconfig"; path = "Pods/Target Support Files/Pods-SplitWiserUITests/Pods-SplitWiserUITests.debug.xcconfig"; sourceTree = "<group>"; };
		73271BF11FD988E300FD0EBB /* SplitWiserUser.swift */ = {isa = PBXFileReference; lastKnownFileType = sourcecode.swift; path = SplitWiserUser.swift; sourceTree = "<group>"; };
		7376CEB41FD7AF520010C673 /* SplitWiser.app */ = {isa = PBXFileReference; explicitFileType = wrapper.application; includeInIndex = 0; path = SplitWiser.app; sourceTree = BUILT_PRODUCTS_DIR; };
		7376CEB71FD7AF520010C673 /* AppDelegate.swift */ = {isa = PBXFileReference; lastKnownFileType = sourcecode.swift; path = AppDelegate.swift; sourceTree = "<group>"; };
		7376CEBC1FD7AF520010C673 /* Base */ = {isa = PBXFileReference; lastKnownFileType = file.storyboard; name = Base; path = Base.lproj/Main.storyboard; sourceTree = "<group>"; };
		7376CEBE1FD7AF520010C673 /* Assets.xcassets */ = {isa = PBXFileReference; lastKnownFileType = folder.assetcatalog; path = Assets.xcassets; sourceTree = "<group>"; };
		7376CEC11FD7AF520010C673 /* Base */ = {isa = PBXFileReference; lastKnownFileType = file.storyboard; name = Base; path = Base.lproj/LaunchScreen.storyboard; sourceTree = "<group>"; };
		7376CEC31FD7AF520010C673 /* Info.plist */ = {isa = PBXFileReference; lastKnownFileType = text.plist.xml; path = Info.plist; sourceTree = "<group>"; };
		7376CEC81FD7AF530010C673 /* SplitWiserTests.xctest */ = {isa = PBXFileReference; explicitFileType = wrapper.cfbundle; includeInIndex = 0; path = SplitWiserTests.xctest; sourceTree = BUILT_PRODUCTS_DIR; };
		7376CECC1FD7AF530010C673 /* SplitWiserTests.swift */ = {isa = PBXFileReference; lastKnownFileType = sourcecode.swift; path = SplitWiserTests.swift; sourceTree = "<group>"; };
		7376CECE1FD7AF530010C673 /* Info.plist */ = {isa = PBXFileReference; lastKnownFileType = text.plist.xml; path = Info.plist; sourceTree = "<group>"; };
		7376CED31FD7AF530010C673 /* SplitWiserUITests.xctest */ = {isa = PBXFileReference; explicitFileType = wrapper.cfbundle; includeInIndex = 0; path = SplitWiserUITests.xctest; sourceTree = BUILT_PRODUCTS_DIR; };
		7376CED71FD7AF530010C673 /* SplitWiserUITests.swift */ = {isa = PBXFileReference; lastKnownFileType = sourcecode.swift; path = SplitWiserUITests.swift; sourceTree = "<group>"; };
		7376CED91FD7AF530010C673 /* Info.plist */ = {isa = PBXFileReference; lastKnownFileType = text.plist.xml; path = Info.plist; sourceTree = "<group>"; };
		73CC52D21FDC229D00CF2376 /* UserManager.swift */ = {isa = PBXFileReference; lastKnownFileType = sourcecode.swift; path = UserManager.swift; sourceTree = "<group>"; };
		73E273271FF377AD0039DE47 /* FirebasePersistanceManager.swift */ = {isa = PBXFileReference; fileEncoding = 4; lastKnownFileType = sourcecode.swift; path = FirebasePersistanceManager.swift; sourceTree = "<group>"; };
		73E273281FF377AD0039DE47 /* Persistance.swift */ = {isa = PBXFileReference; fileEncoding = 4; lastKnownFileType = sourcecode.swift; path = Persistance.swift; sourceTree = "<group>"; };
		7516BB1B5BB01EE248A22CE4 /* Pods-SplitWiserTests.release.xcconfig */ = {isa = PBXFileReference; includeInIndex = 1; lastKnownFileType = text.xcconfig; name = "Pods-SplitWiserTests.release.xcconfig"; path = "Pods/Target Support Files/Pods-SplitWiserTests/Pods-SplitWiserTests.release.xcconfig"; sourceTree = "<group>"; };
		769C5C5A93FF61DC24AF761E /* Pods_SplitWiserUITests.framework */ = {isa = PBXFileReference; explicitFileType = wrapper.framework; includeInIndex = 0; path = Pods_SplitWiserUITests.framework; sourceTree = BUILT_PRODUCTS_DIR; };
		83898C538C14B2FDEE3234A9 /* Pods_SplitWiser.framework */ = {isa = PBXFileReference; explicitFileType = wrapper.framework; includeInIndex = 0; path = Pods_SplitWiser.framework; sourceTree = BUILT_PRODUCTS_DIR; };
		88B7B3171FF229AB0083BF22 /* SignInNavController.swift */ = {isa = PBXFileReference; fileEncoding = 4; lastKnownFileType = sourcecode.swift; path = SignInNavController.swift; sourceTree = "<group>"; };
		88D4F4E91FF22341005E6CFD /* UserRegistrationPhoneVC.swift */ = {isa = PBXFileReference; lastKnownFileType = sourcecode.swift; path = UserRegistrationPhoneVC.swift; sourceTree = "<group>"; };
		88D4F4EB1FF227EF005E6CFD /* LandingPageVC.swift */ = {isa = PBXFileReference; lastKnownFileType = sourcecode.swift; path = LandingPageVC.swift; sourceTree = "<group>"; };
		A60713B6304599F0155A583C /* Pods-SplitWiserTests.debug.xcconfig */ = {isa = PBXFileReference; includeInIndex = 1; lastKnownFileType = text.xcconfig; name = "Pods-SplitWiserTests.debug.xcconfig"; path = "Pods/Target Support Files/Pods-SplitWiserTests/Pods-SplitWiserTests.debug.xcconfig"; sourceTree = "<group>"; };
		D45D6945FA810C018E60AE88 /* Pods_SplitWiserTests.framework */ = {isa = PBXFileReference; explicitFileType = wrapper.framework; includeInIndex = 0; path = Pods_SplitWiserTests.framework; sourceTree = BUILT_PRODUCTS_DIR; };
/* End PBXFileReference section */

/* Begin PBXFrameworksBuildPhase section */
		7376CEB11FD7AF520010C673 /* Frameworks */ = {
			isa = PBXFrameworksBuildPhase;
			buildActionMask = 2147483647;
			files = (
				FB0906858EE29C63F1176496 /* Pods_SplitWiser.framework in Frameworks */,
			);
			runOnlyForDeploymentPostprocessing = 0;
		};
		7376CEC51FD7AF530010C673 /* Frameworks */ = {
			isa = PBXFrameworksBuildPhase;
			buildActionMask = 2147483647;
			files = (
				7E422D3EB28156D5AD18DDFF /* Pods_SplitWiserTests.framework in Frameworks */,
			);
			runOnlyForDeploymentPostprocessing = 0;
		};
		7376CED01FD7AF530010C673 /* Frameworks */ = {
			isa = PBXFrameworksBuildPhase;
			buildActionMask = 2147483647;
			files = (
				28D540E4C77897253F5231CA /* Pods_SplitWiserUITests.framework in Frameworks */,
			);
			runOnlyForDeploymentPostprocessing = 0;
		};
/* End PBXFrameworksBuildPhase section */

/* Begin PBXGroup section */
		202C59C31FDD2C55001E6A0C /* Constants */ = {
			isa = PBXGroup;
			children = (
				202C59C41FDD2C63001E6A0C /* Constants.swift */,
			);
			path = Constants;
			sourceTree = "<group>";
		};
		20365A19BB2F250E2665DA99 /* Pods */ = {
			isa = PBXGroup;
			children = (
				130A91CFB3C77AF2EE834B93 /* Pods-SplitWiser.debug.xcconfig */,
				0A9FEE336FEC3DD716BEA193 /* Pods-SplitWiser.release.xcconfig */,
				A60713B6304599F0155A583C /* Pods-SplitWiserTests.debug.xcconfig */,
				7516BB1B5BB01EE248A22CE4 /* Pods-SplitWiserTests.release.xcconfig */,
				414802165F3778B9BF033358 /* Pods-SplitWiserUITests.debug.xcconfig */,
				145B34C525296BF97FAE3C75 /* Pods-SplitWiserUITests.release.xcconfig */,
			);
			name = Pods;
			sourceTree = "<group>";
		};
		20E210A21FF2145D00362C0C /* Event */ = {
			isa = PBXGroup;
			children = (
				20CDF4AF1FD9956D00ED98E2 /* Event.swift */,
			);
			path = Event;
			sourceTree = "<group>";
		};
		20FC7CEC1FDB995E0036735E /* ViewControllers */ = {
			isa = PBXGroup;
			children = (
				88B7B3171FF229AB0083BF22 /* SignInNavController.swift */,
				20FC7CED1FDB99940036735E /* EventsVC.swift */,
				2F7971D11FEE1019003E7A29 /* CreateEventVC.swift */,
			);
			path = ViewControllers;
			sourceTree = "<group>";
		};
		20FDC4C81FDAD8FC0013456B /* Managers */ = {
			isa = PBXGroup;
			children = (
				2F8151361FDA9B6A001F9452 /* TransactionManager.swift */,
				20FDC4C91FDAD90F0013456B /* EventManager.swift */,
				73CC52D21FDC229D00CF2376 /* UserManager.swift */,
			);
			path = Managers;
			sourceTree = "<group>";
		};
		2F1933D61FDE98050016C2AE /* Engine */ = {
			isa = PBXGroup;
			children = (
				2F1933D31FDE971E0016C2AE /* CalculationEngine.swift */,
			);
			path = Engine;
			sourceTree = "<group>";
		};
		2F7971DB1FEE61D1003E7A29 /* Views */ = {
			isa = PBXGroup;
			children = (
				2F7971E31FEE7AF4003E7A29 /* ParticipantListView.swift */,
				2F7971E71FEE8997003E7A29 /* AddEventView.swift */,
				2F7971E91FEE89A7003E7A29 /* AddEventView.xib */,
				2F7971E41FEE7AF4003E7A29 /* ParticipantListView.xib */,
				2F7971DC1FEE6264003E7A29 /* RoundedImageView.swift */,
				2F7971D71FEE61C5003E7A29 /* ParticipantCell.swift */,
				2F7971D81FEE61C5003E7A29 /* ParticipantCell.xib */,
			);
			path = Views;
			sourceTree = "<group>";
		};
		2F81513B1FDAA308001F9452 /* Error */ = {
			isa = PBXGroup;
			children = (
				2F8151391FDAA303001F9452 /* TransactionError.swift */,
				202C59B61FDD1E02001E6A0C /* EventError.swift */,
			);
			path = Error;
			sourceTree = "<group>";
		};
		2F81513C1FDAAC71001F9452 /* Transaction */ = {
			isa = PBXGroup;
			children = (
				2F8151431FDAACF7001F9452 /* TransactionRepresentable.swift */,
				2F8150C21FDA3E82001F9452 /* Transaction.swift */,
				2F8151491FDC692A001F9452 /* TransactionDelegate.swift */,
				2F81513D1FDAAC8D001F9452 /* TransactionStatus.swift */,
				2F81513F1FDAACAF001F9452 /* TransactionCurrency.swift */,
				2F8151411FDAACE1001F9452 /* UserTranShare.swift */,
			);
			path = Transaction;
			sourceTree = "<group>";
		};
		73271BF01FD988D000FD0EBB /* Models */ = {
			isa = PBXGroup;
			children = (
				20E210A21FF2145D00362C0C /* Event */,
				73E273251FF0DF6D0039DE47 /* User */,
				2F81513C1FDAAC71001F9452 /* Transaction */,
			);
			path = Models;
			sourceTree = "<group>";
		};
		7376CEAB1FD7AF520010C673 = {
			isa = PBXGroup;
			children = (
				7376CEB61FD7AF520010C673 /* SplitWiser */,
				7376CECB1FD7AF530010C673 /* SplitWiserTests */,
				7376CED61FD7AF530010C673 /* SplitWiserUITests */,
				7376CEB51FD7AF520010C673 /* Products */,
				20365A19BB2F250E2665DA99 /* Pods */,
				BE8E434831D5A57BD50E39E1 /* Frameworks */,
			);
			sourceTree = "<group>";
		};
		7376CEB51FD7AF520010C673 /* Products */ = {
			isa = PBXGroup;
			children = (
				7376CEB41FD7AF520010C673 /* SplitWiser.app */,
				7376CEC81FD7AF530010C673 /* SplitWiserTests.xctest */,
				7376CED31FD7AF530010C673 /* SplitWiserUITests.xctest */,
			);
			name = Products;
			sourceTree = "<group>";
		};
		7376CEB61FD7AF520010C673 /* SplitWiser */ = {
			isa = PBXGroup;
			children = (
				73E273261FF377AD0039DE47 /* Persistance */,
				202C59C31FDD2C55001E6A0C /* Constants */,
				20FC7CEC1FDB995E0036735E /* ViewControllers */,
				20FC7CE91FDB8B340036735E /* SplitWiser.entitlements */,
				2F81513B1FDAA308001F9452 /* Error */,
				20FDC4C81FDAD8FC0013456B /* Managers */,
				2F1933D61FDE98050016C2AE /* Engine */,
				73271BF01FD988D000FD0EBB /* Models */,
				7376CEB71FD7AF520010C673 /* AppDelegate.swift */,
				7376CEBB1FD7AF520010C673 /* Main.storyboard */,
				88D4F4EB1FF227EF005E6CFD /* LandingPageVC.swift */,
				88D4F4E91FF22341005E6CFD /* UserRegistrationPhoneVC.swift */,
				2F7971CF1FED7AF1003E7A29 /* EventListTVC.swift */,
				7376CEBE1FD7AF520010C673 /* Assets.xcassets */,
				7376CEC01FD7AF520010C673 /* LaunchScreen.storyboard */,
				7376CEC31FD7AF520010C673 /* Info.plist */,
				2F8151451FDAD305001F9452 /* GoogleService-Info.plist */,
				2F7971DB1FEE61D1003E7A29 /* Views */,
				2F7971DF1FEE67C2003E7A29 /* UIView_Extension.swift */,
			);
			path = SplitWiser;
			sourceTree = "<group>";
		};
		7376CECB1FD7AF530010C673 /* SplitWiserTests */ = {
			isa = PBXGroup;
			children = (
				202C59C11FDD2A85001E6A0C /* EventTests.swift */,
				7376CECC1FD7AF530010C673 /* SplitWiserTests.swift */,
				2F81514B1FDD8182001F9452 /* TransactionTester.swift */,
				7376CECE1FD7AF530010C673 /* Info.plist */,
			);
			path = SplitWiserTests;
			sourceTree = "<group>";
		};
		7376CED61FD7AF530010C673 /* SplitWiserUITests */ = {
			isa = PBXGroup;
			children = (
				7376CED71FD7AF530010C673 /* SplitWiserUITests.swift */,
				7376CED91FD7AF530010C673 /* Info.plist */,
			);
			path = SplitWiserUITests;
			sourceTree = "<group>";
		};
		73E273251FF0DF6D0039DE47 /* User */ = {
			isa = PBXGroup;
			children = (
				73271BF11FD988E300FD0EBB /* SplitWiserUser.swift */,
			);
			path = User;
			sourceTree = "<group>";
		};
		73E273261FF377AD0039DE47 /* Persistance */ = {
			isa = PBXGroup;
			children = (
				73E273271FF377AD0039DE47 /* FirebasePersistanceManager.swift */,
				73E273281FF377AD0039DE47 /* Persistance.swift */,
			);
			path = Persistance;
			sourceTree = "<group>";
		};
		BE8E434831D5A57BD50E39E1 /* Frameworks */ = {
			isa = PBXGroup;
			children = (
				83898C538C14B2FDEE3234A9 /* Pods_SplitWiser.framework */,
				D45D6945FA810C018E60AE88 /* Pods_SplitWiserTests.framework */,
				769C5C5A93FF61DC24AF761E /* Pods_SplitWiserUITests.framework */,
			);
			name = Frameworks;
			sourceTree = "<group>";
		};
/* End PBXGroup section */

/* Begin PBXNativeTarget section */
		7376CEB31FD7AF520010C673 /* SplitWiser */ = {
			isa = PBXNativeTarget;
			buildConfigurationList = 7376CEDC1FD7AF530010C673 /* Build configuration list for PBXNativeTarget "SplitWiser" */;
			buildPhases = (
				A65CD8E64434B862F12FBFC5 /* [CP] Check Pods Manifest.lock */,
				7376CEB01FD7AF520010C673 /* Sources */,
				7376CEB11FD7AF520010C673 /* Frameworks */,
				7376CEB21FD7AF520010C673 /* Resources */,
				35E627EFF3099A4764473AED /* [CP] Embed Pods Frameworks */,
				CF61299F48E4A63890358C15 /* [CP] Copy Pods Resources */,
			);
			buildRules = (
			);
			dependencies = (
			);
			name = SplitWiser;
			productName = SplitWiser;
			productReference = 7376CEB41FD7AF520010C673 /* SplitWiser.app */;
			productType = "com.apple.product-type.application";
		};
		7376CEC71FD7AF530010C673 /* SplitWiserTests */ = {
			isa = PBXNativeTarget;
			buildConfigurationList = 7376CEDF1FD7AF530010C673 /* Build configuration list for PBXNativeTarget "SplitWiserTests" */;
			buildPhases = (
				A7255E9AFF03F0C65FAE29B2 /* [CP] Check Pods Manifest.lock */,
				7376CEC41FD7AF530010C673 /* Sources */,
				7376CEC51FD7AF530010C673 /* Frameworks */,
				7376CEC61FD7AF530010C673 /* Resources */,
				69884D9E5DECA2FFC90AEC99 /* [CP] Embed Pods Frameworks */,
				2BECF98DC248EC595557D35C /* [CP] Copy Pods Resources */,
			);
			buildRules = (
			);
			dependencies = (
				7376CECA1FD7AF530010C673 /* PBXTargetDependency */,
			);
			name = SplitWiserTests;
			productName = SplitWiserTests;
			productReference = 7376CEC81FD7AF530010C673 /* SplitWiserTests.xctest */;
			productType = "com.apple.product-type.bundle.unit-test";
		};
		7376CED21FD7AF530010C673 /* SplitWiserUITests */ = {
			isa = PBXNativeTarget;
			buildConfigurationList = 7376CEE21FD7AF530010C673 /* Build configuration list for PBXNativeTarget "SplitWiserUITests" */;
			buildPhases = (
				48F7A46DFFCCF371793C1843 /* [CP] Check Pods Manifest.lock */,
				7376CECF1FD7AF530010C673 /* Sources */,
				7376CED01FD7AF530010C673 /* Frameworks */,
				7376CED11FD7AF530010C673 /* Resources */,
				BC25FFF7B586DB002E0F877C /* [CP] Embed Pods Frameworks */,
				7B4A5E08685825C3129F0C58 /* [CP] Copy Pods Resources */,
			);
			buildRules = (
			);
			dependencies = (
				7376CED51FD7AF530010C673 /* PBXTargetDependency */,
			);
			name = SplitWiserUITests;
			productName = SplitWiserUITests;
			productReference = 7376CED31FD7AF530010C673 /* SplitWiserUITests.xctest */;
			productType = "com.apple.product-type.bundle.ui-testing";
		};
/* End PBXNativeTarget section */

/* Begin PBXProject section */
		7376CEAC1FD7AF520010C673 /* Project object */ = {
			isa = PBXProject;
			attributes = {
				LastSwiftUpdateCheck = 0910;
				LastUpgradeCheck = 0910;
				ORGANIZATIONNAME = "Santebidanur Nagaraja, Pavan Kowshik";
				TargetAttributes = {
					7376CEB31FD7AF520010C673 = {
						CreatedOnToolsVersion = 9.1;
						ProvisioningStyle = Automatic;
						SystemCapabilities = {
							com.apple.Push = {
								enabled = 1;
							};
						};
					};
					7376CEC71FD7AF530010C673 = {
						CreatedOnToolsVersion = 9.1;
						ProvisioningStyle = Automatic;
						TestTargetID = 7376CEB31FD7AF520010C673;
					};
					7376CED21FD7AF530010C673 = {
						CreatedOnToolsVersion = 9.1;
						ProvisioningStyle = Automatic;
						TestTargetID = 7376CEB31FD7AF520010C673;
					};
				};
			};
			buildConfigurationList = 7376CEAF1FD7AF520010C673 /* Build configuration list for PBXProject "SplitWiser" */;
			compatibilityVersion = "Xcode 8.0";
			developmentRegion = en;
			hasScannedForEncodings = 0;
			knownRegions = (
				en,
				Base,
			);
			mainGroup = 7376CEAB1FD7AF520010C673;
			productRefGroup = 7376CEB51FD7AF520010C673 /* Products */;
			projectDirPath = "";
			projectRoot = "";
			targets = (
				7376CEB31FD7AF520010C673 /* SplitWiser */,
				7376CEC71FD7AF530010C673 /* SplitWiserTests */,
				7376CED21FD7AF530010C673 /* SplitWiserUITests */,
			);
		};
/* End PBXProject section */

/* Begin PBXResourcesBuildPhase section */
		7376CEB21FD7AF520010C673 /* Resources */ = {
			isa = PBXResourcesBuildPhase;
			buildActionMask = 2147483647;
			files = (
				7376CEC21FD7AF520010C673 /* LaunchScreen.storyboard in Resources */,
				2F7971DA1FEE61C5003E7A29 /* ParticipantCell.xib in Resources */,
				2F8151461FDAD306001F9452 /* GoogleService-Info.plist in Resources */,
				2F7971EA1FEE89A7003E7A29 /* AddEventView.xib in Resources */,
				7376CEBF1FD7AF520010C673 /* Assets.xcassets in Resources */,
				2F7971E61FEE7AF5003E7A29 /* ParticipantListView.xib in Resources */,
				7376CEBD1FD7AF520010C673 /* Main.storyboard in Resources */,
			);
			runOnlyForDeploymentPostprocessing = 0;
		};
		7376CEC61FD7AF530010C673 /* Resources */ = {
			isa = PBXResourcesBuildPhase;
			buildActionMask = 2147483647;
			files = (
			);
			runOnlyForDeploymentPostprocessing = 0;
		};
		7376CED11FD7AF530010C673 /* Resources */ = {
			isa = PBXResourcesBuildPhase;
			buildActionMask = 2147483647;
			files = (
			);
			runOnlyForDeploymentPostprocessing = 0;
		};
/* End PBXResourcesBuildPhase section */

/* Begin PBXShellScriptBuildPhase section */
		2BECF98DC248EC595557D35C /* [CP] Copy Pods Resources */ = {
			isa = PBXShellScriptBuildPhase;
			buildActionMask = 2147483647;
			files = (
			);
			inputPaths = (
			);
			name = "[CP] Copy Pods Resources";
			outputPaths = (
			);
			runOnlyForDeploymentPostprocessing = 0;
			shellPath = /bin/sh;
			shellScript = "\"${SRCROOT}/Pods/Target Support Files/Pods-SplitWiserTests/Pods-SplitWiserTests-resources.sh\"\n";
			showEnvVarsInLog = 0;
		};
		35E627EFF3099A4764473AED /* [CP] Embed Pods Frameworks */ = {
			isa = PBXShellScriptBuildPhase;
			buildActionMask = 2147483647;
			files = (
			);
			inputPaths = (
				"${SRCROOT}/Pods/Target Support Files/Pods-SplitWiser/Pods-SplitWiser-frameworks.sh",
				"${BUILT_PRODUCTS_DIR}/GTMOAuth2/GTMOAuth2.framework",
				"${BUILT_PRODUCTS_DIR}/GTMSessionFetcher/GTMSessionFetcher.framework",
				"${BUILT_PRODUCTS_DIR}/GoogleToolboxForMac/GoogleToolboxForMac.framework",
				"${BUILT_PRODUCTS_DIR}/leveldb-library/leveldb.framework",
				"${BUILT_PRODUCTS_DIR}/nanopb/nanopb.framework",
			);
			name = "[CP] Embed Pods Frameworks";
			outputPaths = (
				"${TARGET_BUILD_DIR}/${FRAMEWORKS_FOLDER_PATH}/GTMOAuth2.framework",
				"${TARGET_BUILD_DIR}/${FRAMEWORKS_FOLDER_PATH}/GTMSessionFetcher.framework",
				"${TARGET_BUILD_DIR}/${FRAMEWORKS_FOLDER_PATH}/GoogleToolboxForMac.framework",
				"${TARGET_BUILD_DIR}/${FRAMEWORKS_FOLDER_PATH}/leveldb.framework",
				"${TARGET_BUILD_DIR}/${FRAMEWORKS_FOLDER_PATH}/nanopb.framework",
			);
			runOnlyForDeploymentPostprocessing = 0;
			shellPath = /bin/sh;
			shellScript = "\"${SRCROOT}/Pods/Target Support Files/Pods-SplitWiser/Pods-SplitWiser-frameworks.sh\"\n";
			showEnvVarsInLog = 0;
		};
		48F7A46DFFCCF371793C1843 /* [CP] Check Pods Manifest.lock */ = {
			isa = PBXShellScriptBuildPhase;
			buildActionMask = 2147483647;
			files = (
			);
			inputPaths = (
				"${PODS_PODFILE_DIR_PATH}/Podfile.lock",
				"${PODS_ROOT}/Manifest.lock",
			);
			name = "[CP] Check Pods Manifest.lock";
			outputPaths = (
				"$(DERIVED_FILE_DIR)/Pods-SplitWiserUITests-checkManifestLockResult.txt",
			);
			runOnlyForDeploymentPostprocessing = 0;
			shellPath = /bin/sh;
			shellScript = "diff \"${PODS_PODFILE_DIR_PATH}/Podfile.lock\" \"${PODS_ROOT}/Manifest.lock\" > /dev/null\nif [ $? != 0 ] ; then\n    # print error to STDERR\n    echo \"error: The sandbox is not in sync with the Podfile.lock. Run 'pod install' or update your CocoaPods installation.\" >&2\n    exit 1\nfi\n";
			showEnvVarsInLog = 0;
		};
		69884D9E5DECA2FFC90AEC99 /* [CP] Embed Pods Frameworks */ = {
			isa = PBXShellScriptBuildPhase;
			buildActionMask = 2147483647;
			files = (
			);
			inputPaths = (
			);
			name = "[CP] Embed Pods Frameworks";
			outputPaths = (
			);
			runOnlyForDeploymentPostprocessing = 0;
			shellPath = /bin/sh;
			shellScript = "\"${SRCROOT}/Pods/Target Support Files/Pods-SplitWiserTests/Pods-SplitWiserTests-frameworks.sh\"\n";
			showEnvVarsInLog = 0;
		};
		7B4A5E08685825C3129F0C58 /* [CP] Copy Pods Resources */ = {
			isa = PBXShellScriptBuildPhase;
			buildActionMask = 2147483647;
			files = (
			);
			inputPaths = (
			);
			name = "[CP] Copy Pods Resources";
			outputPaths = (
			);
			runOnlyForDeploymentPostprocessing = 0;
			shellPath = /bin/sh;
			shellScript = "\"${SRCROOT}/Pods/Target Support Files/Pods-SplitWiserUITests/Pods-SplitWiserUITests-resources.sh\"\n";
			showEnvVarsInLog = 0;
		};
		A65CD8E64434B862F12FBFC5 /* [CP] Check Pods Manifest.lock */ = {
			isa = PBXShellScriptBuildPhase;
			buildActionMask = 2147483647;
			files = (
			);
			inputPaths = (
				"${PODS_PODFILE_DIR_PATH}/Podfile.lock",
				"${PODS_ROOT}/Manifest.lock",
			);
			name = "[CP] Check Pods Manifest.lock";
			outputPaths = (
				"$(DERIVED_FILE_DIR)/Pods-SplitWiser-checkManifestLockResult.txt",
			);
			runOnlyForDeploymentPostprocessing = 0;
			shellPath = /bin/sh;
			shellScript = "diff \"${PODS_PODFILE_DIR_PATH}/Podfile.lock\" \"${PODS_ROOT}/Manifest.lock\" > /dev/null\nif [ $? != 0 ] ; then\n    # print error to STDERR\n    echo \"error: The sandbox is not in sync with the Podfile.lock. Run 'pod install' or update your CocoaPods installation.\" >&2\n    exit 1\nfi\n";
			showEnvVarsInLog = 0;
		};
		A7255E9AFF03F0C65FAE29B2 /* [CP] Check Pods Manifest.lock */ = {
			isa = PBXShellScriptBuildPhase;
			buildActionMask = 2147483647;
			files = (
			);
			inputPaths = (
				"${PODS_PODFILE_DIR_PATH}/Podfile.lock",
				"${PODS_ROOT}/Manifest.lock",
			);
			name = "[CP] Check Pods Manifest.lock";
			outputPaths = (
				"$(DERIVED_FILE_DIR)/Pods-SplitWiserTests-checkManifestLockResult.txt",
			);
			runOnlyForDeploymentPostprocessing = 0;
			shellPath = /bin/sh;
			shellScript = "diff \"${PODS_PODFILE_DIR_PATH}/Podfile.lock\" \"${PODS_ROOT}/Manifest.lock\" > /dev/null\nif [ $? != 0 ] ; then\n    # print error to STDERR\n    echo \"error: The sandbox is not in sync with the Podfile.lock. Run 'pod install' or update your CocoaPods installation.\" >&2\n    exit 1\nfi\n";
			showEnvVarsInLog = 0;
		};
		BC25FFF7B586DB002E0F877C /* [CP] Embed Pods Frameworks */ = {
			isa = PBXShellScriptBuildPhase;
			buildActionMask = 2147483647;
			files = (
			);
			inputPaths = (
			);
			name = "[CP] Embed Pods Frameworks";
			outputPaths = (
			);
			runOnlyForDeploymentPostprocessing = 0;
			shellPath = /bin/sh;
			shellScript = "\"${SRCROOT}/Pods/Target Support Files/Pods-SplitWiserUITests/Pods-SplitWiserUITests-frameworks.sh\"\n";
			showEnvVarsInLog = 0;
		};
		CF61299F48E4A63890358C15 /* [CP] Copy Pods Resources */ = {
			isa = PBXShellScriptBuildPhase;
			buildActionMask = 2147483647;
			files = (
			);
			inputPaths = (
				"${SRCROOT}/Pods/Target Support Files/Pods-SplitWiser/Pods-SplitWiser-resources.sh",
				$PODS_CONFIGURATION_BUILD_DIR/FirebaseUI/FirebaseAuthUI.bundle,
				$PODS_CONFIGURATION_BUILD_DIR/FirebaseUI/FirebaseGoogleAuthUI.bundle,
				"${PODS_ROOT}/GoogleSignIn/Resources/GoogleSignIn.bundle",
			);
			name = "[CP] Copy Pods Resources";
			outputPaths = (
				"${TARGET_BUILD_DIR}/${UNLOCALIZED_RESOURCES_FOLDER_PATH}",
			);
			runOnlyForDeploymentPostprocessing = 0;
			shellPath = /bin/sh;
			shellScript = "\"${SRCROOT}/Pods/Target Support Files/Pods-SplitWiser/Pods-SplitWiser-resources.sh\"\n";
			showEnvVarsInLog = 0;
		};
/* End PBXShellScriptBuildPhase section */

/* Begin PBXSourcesBuildPhase section */
		7376CEB01FD7AF520010C673 /* Sources */ = {
			isa = PBXSourcesBuildPhase;
			buildActionMask = 2147483647;
			files = (
				2F7971D01FED7AF1003E7A29 /* EventListTVC.swift in Sources */,
				2F7971DD1FEE6264003E7A29 /* RoundedImageView.swift in Sources */,
				20FC7CEE1FDB99940036735E /* EventsVC.swift in Sources */,
				202C59C51FDD2C63001E6A0C /* Constants.swift in Sources */,
				20FDC4CA1FDAD90F0013456B /* EventManager.swift in Sources */,
				73E2732A1FF377AD0039DE47 /* Persistance.swift in Sources */,
				88D4F4EC1FF227EF005E6CFD /* LandingPageVC.swift in Sources */,
				88D4F4EA1FF22341005E6CFD /* UserRegistrationPhoneVC.swift in Sources */,
				73CC52D31FDC229D00CF2376 /* UserManager.swift in Sources */,
				20CDF4B01FD9956D00ED98E2 /* Event.swift in Sources */,
				2F8151421FDAACE1001F9452 /* UserTranShare.swift in Sources */,
				7376CEB81FD7AF520010C673 /* AppDelegate.swift in Sources */,
				202C59B71FDD1E02001E6A0C /* EventError.swift in Sources */,
				2F8151441FDAACF7001F9452 /* TransactionRepresentable.swift in Sources */,
				2F7971D21FEE1019003E7A29 /* CreateEventVC.swift in Sources */,
				2F81513A1FDAA303001F9452 /* TransactionError.swift in Sources */,
				2F81513E1FDAAC8D001F9452 /* TransactionStatus.swift in Sources */,
				73E273291FF377AD0039DE47 /* FirebasePersistanceManager.swift in Sources */,
				2F7971D91FEE61C5003E7A29 /* ParticipantCell.swift in Sources */,
				2F8151401FDAACAF001F9452 /* TransactionCurrency.swift in Sources */,
				73271BF21FD988E300FD0EBB /* SplitWiserUser.swift in Sources */,
				88B7B3181FF229AB0083BF22 /* SignInNavController.swift in Sources */,
				2F8150C31FDA3E82001F9452 /* Transaction.swift in Sources */,
				2F8151371FDA9B6A001F9452 /* TransactionManager.swift in Sources */,
				2F7971E51FEE7AF5003E7A29 /* ParticipantListView.swift in Sources */,
				2F7971E81FEE8997003E7A29 /* AddEventView.swift in Sources */,
				2F7971E01FEE67C2003E7A29 /* UIView_Extension.swift in Sources */,
				2F1933D41FDE971E0016C2AE /* CalculationEngine.swift in Sources */,
				2F81514A1FDC692A001F9452 /* TransactionDelegate.swift in Sources */,
			);
			runOnlyForDeploymentPostprocessing = 0;
		};
		7376CEC41FD7AF530010C673 /* Sources */ = {
			isa = PBXSourcesBuildPhase;
			buildActionMask = 2147483647;
			files = (
				202C59C21FDD2A85001E6A0C /* EventTests.swift in Sources */,
				7376CECD1FD7AF530010C673 /* SplitWiserTests.swift in Sources */,
				2F81514C1FDD8182001F9452 /* TransactionTester.swift in Sources */,
			);
			runOnlyForDeploymentPostprocessing = 0;
		};
		7376CECF1FD7AF530010C673 /* Sources */ = {
			isa = PBXSourcesBuildPhase;
			buildActionMask = 2147483647;
			files = (
				7376CED81FD7AF530010C673 /* SplitWiserUITests.swift in Sources */,
			);
			runOnlyForDeploymentPostprocessing = 0;
		};
/* End PBXSourcesBuildPhase section */

/* Begin PBXTargetDependency section */
		7376CECA1FD7AF530010C673 /* PBXTargetDependency */ = {
			isa = PBXTargetDependency;
			target = 7376CEB31FD7AF520010C673 /* SplitWiser */;
			targetProxy = 7376CEC91FD7AF530010C673 /* PBXContainerItemProxy */;
		};
		7376CED51FD7AF530010C673 /* PBXTargetDependency */ = {
			isa = PBXTargetDependency;
			target = 7376CEB31FD7AF520010C673 /* SplitWiser */;
			targetProxy = 7376CED41FD7AF530010C673 /* PBXContainerItemProxy */;
		};
/* End PBXTargetDependency section */

/* Begin PBXVariantGroup section */
		7376CEBB1FD7AF520010C673 /* Main.storyboard */ = {
			isa = PBXVariantGroup;
			children = (
				7376CEBC1FD7AF520010C673 /* Base */,
			);
			name = Main.storyboard;
			sourceTree = "<group>";
		};
		7376CEC01FD7AF520010C673 /* LaunchScreen.storyboard */ = {
			isa = PBXVariantGroup;
			children = (
				7376CEC11FD7AF520010C673 /* Base */,
			);
			name = LaunchScreen.storyboard;
			sourceTree = "<group>";
		};
/* End PBXVariantGroup section */

/* Begin XCBuildConfiguration section */
		7376CEDA1FD7AF530010C673 /* Debug */ = {
			isa = XCBuildConfiguration;
			buildSettings = {
				ALWAYS_SEARCH_USER_PATHS = NO;
				CLANG_ANALYZER_NONNULL = YES;
				CLANG_ANALYZER_NUMBER_OBJECT_CONVERSION = YES_AGGRESSIVE;
				CLANG_CXX_LANGUAGE_STANDARD = "gnu++14";
				CLANG_CXX_LIBRARY = "libc++";
				CLANG_ENABLE_MODULES = YES;
				CLANG_ENABLE_OBJC_ARC = YES;
				CLANG_WARN_BLOCK_CAPTURE_AUTORELEASING = YES;
				CLANG_WARN_BOOL_CONVERSION = YES;
				CLANG_WARN_COMMA = YES;
				CLANG_WARN_CONSTANT_CONVERSION = YES;
				CLANG_WARN_DIRECT_OBJC_ISA_USAGE = YES_ERROR;
				CLANG_WARN_DOCUMENTATION_COMMENTS = YES;
				CLANG_WARN_EMPTY_BODY = YES;
				CLANG_WARN_ENUM_CONVERSION = YES;
				CLANG_WARN_INFINITE_RECURSION = YES;
				CLANG_WARN_INT_CONVERSION = YES;
				CLANG_WARN_NON_LITERAL_NULL_CONVERSION = YES;
				CLANG_WARN_OBJC_LITERAL_CONVERSION = YES;
				CLANG_WARN_OBJC_ROOT_CLASS = YES_ERROR;
				CLANG_WARN_RANGE_LOOP_ANALYSIS = YES;
				CLANG_WARN_STRICT_PROTOTYPES = YES;
				CLANG_WARN_SUSPICIOUS_MOVE = YES;
				CLANG_WARN_UNGUARDED_AVAILABILITY = YES_AGGRESSIVE;
				CLANG_WARN_UNREACHABLE_CODE = YES;
				CLANG_WARN__DUPLICATE_METHOD_MATCH = YES;
				CODE_SIGN_IDENTITY = "iPhone Developer";
				COPY_PHASE_STRIP = NO;
				DEBUG_INFORMATION_FORMAT = dwarf;
				ENABLE_STRICT_OBJC_MSGSEND = YES;
				ENABLE_TESTABILITY = YES;
				GCC_C_LANGUAGE_STANDARD = gnu11;
				GCC_DYNAMIC_NO_PIC = NO;
				GCC_NO_COMMON_BLOCKS = YES;
				GCC_OPTIMIZATION_LEVEL = 0;
				GCC_PREPROCESSOR_DEFINITIONS = (
					"DEBUG=1",
					"$(inherited)",
				);
				GCC_WARN_64_TO_32_BIT_CONVERSION = YES;
				GCC_WARN_ABOUT_RETURN_TYPE = YES_ERROR;
				GCC_WARN_UNDECLARED_SELECTOR = YES;
				GCC_WARN_UNINITIALIZED_AUTOS = YES_AGGRESSIVE;
				GCC_WARN_UNUSED_FUNCTION = YES;
				GCC_WARN_UNUSED_VARIABLE = YES;
				IPHONEOS_DEPLOYMENT_TARGET = 11.1;
				MTL_ENABLE_DEBUG_INFO = YES;
				ONLY_ACTIVE_ARCH = YES;
				SDKROOT = iphoneos;
				SWIFT_ACTIVE_COMPILATION_CONDITIONS = DEBUG;
				SWIFT_OPTIMIZATION_LEVEL = "-Onone";
			};
			name = Debug;
		};
		7376CEDB1FD7AF530010C673 /* Release */ = {
			isa = XCBuildConfiguration;
			buildSettings = {
				ALWAYS_SEARCH_USER_PATHS = NO;
				CLANG_ANALYZER_NONNULL = YES;
				CLANG_ANALYZER_NUMBER_OBJECT_CONVERSION = YES_AGGRESSIVE;
				CLANG_CXX_LANGUAGE_STANDARD = "gnu++14";
				CLANG_CXX_LIBRARY = "libc++";
				CLANG_ENABLE_MODULES = YES;
				CLANG_ENABLE_OBJC_ARC = YES;
				CLANG_WARN_BLOCK_CAPTURE_AUTORELEASING = YES;
				CLANG_WARN_BOOL_CONVERSION = YES;
				CLANG_WARN_COMMA = YES;
				CLANG_WARN_CONSTANT_CONVERSION = YES;
				CLANG_WARN_DIRECT_OBJC_ISA_USAGE = YES_ERROR;
				CLANG_WARN_DOCUMENTATION_COMMENTS = YES;
				CLANG_WARN_EMPTY_BODY = YES;
				CLANG_WARN_ENUM_CONVERSION = YES;
				CLANG_WARN_INFINITE_RECURSION = YES;
				CLANG_WARN_INT_CONVERSION = YES;
				CLANG_WARN_NON_LITERAL_NULL_CONVERSION = YES;
				CLANG_WARN_OBJC_LITERAL_CONVERSION = YES;
				CLANG_WARN_OBJC_ROOT_CLASS = YES_ERROR;
				CLANG_WARN_RANGE_LOOP_ANALYSIS = YES;
				CLANG_WARN_STRICT_PROTOTYPES = YES;
				CLANG_WARN_SUSPICIOUS_MOVE = YES;
				CLANG_WARN_UNGUARDED_AVAILABILITY = YES_AGGRESSIVE;
				CLANG_WARN_UNREACHABLE_CODE = YES;
				CLANG_WARN__DUPLICATE_METHOD_MATCH = YES;
				CODE_SIGN_IDENTITY = "iPhone Developer";
				COPY_PHASE_STRIP = NO;
				DEBUG_INFORMATION_FORMAT = "dwarf-with-dsym";
				ENABLE_NS_ASSERTIONS = NO;
				ENABLE_STRICT_OBJC_MSGSEND = YES;
				GCC_C_LANGUAGE_STANDARD = gnu11;
				GCC_NO_COMMON_BLOCKS = YES;
				GCC_WARN_64_TO_32_BIT_CONVERSION = YES;
				GCC_WARN_ABOUT_RETURN_TYPE = YES_ERROR;
				GCC_WARN_UNDECLARED_SELECTOR = YES;
				GCC_WARN_UNINITIALIZED_AUTOS = YES_AGGRESSIVE;
				GCC_WARN_UNUSED_FUNCTION = YES;
				GCC_WARN_UNUSED_VARIABLE = YES;
				IPHONEOS_DEPLOYMENT_TARGET = 11.1;
				MTL_ENABLE_DEBUG_INFO = NO;
				SDKROOT = iphoneos;
				SWIFT_OPTIMIZATION_LEVEL = "-Owholemodule";
				VALIDATE_PRODUCT = YES;
			};
			name = Release;
		};
		7376CEDD1FD7AF530010C673 /* Debug */ = {
			isa = XCBuildConfiguration;
			baseConfigurationReference = 130A91CFB3C77AF2EE834B93 /* Pods-SplitWiser.debug.xcconfig */;
			buildSettings = {
				ASSETCATALOG_COMPILER_APPICON_NAME = AppIcon;
				CODE_SIGN_ENTITLEMENTS = SplitWiser/SplitWiser.entitlements;
				CODE_SIGN_STYLE = Automatic;
				DEVELOPMENT_TEAM = TLV25NDMDF;
				INFOPLIST_FILE = SplitWiser/Info.plist;
				LD_RUNPATH_SEARCH_PATHS = "$(inherited) @executable_path/Frameworks";
				PRODUCT_BUNDLE_IDENTIFIER = com.thehobbylobby.SplitWiser1;
				PRODUCT_NAME = "$(TARGET_NAME)";
				SWIFT_VERSION = 4.0;
				TARGETED_DEVICE_FAMILY = "1,2";
			};
			name = Debug;
		};
		7376CEDE1FD7AF530010C673 /* Release */ = {
			isa = XCBuildConfiguration;
			baseConfigurationReference = 0A9FEE336FEC3DD716BEA193 /* Pods-SplitWiser.release.xcconfig */;
			buildSettings = {
				ASSETCATALOG_COMPILER_APPICON_NAME = AppIcon;
				CODE_SIGN_ENTITLEMENTS = SplitWiser/SplitWiser.entitlements;
				CODE_SIGN_STYLE = Automatic;
				DEVELOPMENT_TEAM = TLV25NDMDF;
				INFOPLIST_FILE = SplitWiser/Info.plist;
				LD_RUNPATH_SEARCH_PATHS = "$(inherited) @executable_path/Frameworks";
				PRODUCT_BUNDLE_IDENTIFIER = com.thehobbylobby.SplitWiser1;
				PRODUCT_NAME = "$(TARGET_NAME)";
				SWIFT_VERSION = 4.0;
				TARGETED_DEVICE_FAMILY = "1,2";
			};
			name = Release;
		};
		7376CEE01FD7AF530010C673 /* Debug */ = {
			isa = XCBuildConfiguration;
			baseConfigurationReference = A60713B6304599F0155A583C /* Pods-SplitWiserTests.debug.xcconfig */;
			buildSettings = {
				ALWAYS_EMBED_SWIFT_STANDARD_LIBRARIES = YES;
				BUNDLE_LOADER = "$(TEST_HOST)";
				CODE_SIGN_STYLE = Automatic;
				DEVELOPMENT_TEAM = D38394224C;
				HEADER_SEARCH_PATHS = (
					"$(inherited)",
					"\"${PODS_ROOT}/Headers/Public\"",
					"\"${PODS_ROOT}/Headers/Public/Firebase\"",
					"\"${PODS_ROOT}/Headers/Public/FirebaseAnalytics\"",
					"\"${PODS_ROOT}/Headers/Public/FirebaseAuth\"",
					"\"${PODS_ROOT}/Headers/Public/FirebaseCore\"",
					"\"${PODS_ROOT}/Headers/Public/FirebaseDatabase\"",
					"\"${PODS_ROOT}/Headers/Public/FirebaseInstanceID\"",
					"\"${PODS_ROOT}/Headers/Public/FirebaseUI\"",
					"\"${PODS_ROOT}/Headers/Public/GoogleSignIn\"",
					"\"${PODS_ROOT}/Firebase/Core/Sources\"",
				);
				INFOPLIST_FILE = SplitWiserTests/Info.plist;
				LD_RUNPATH_SEARCH_PATHS = "$(inherited) @executable_path/Frameworks @loader_path/Frameworks";
				PRODUCT_BUNDLE_IDENTIFIER = com.sap.SplitWiserTests;
				PRODUCT_NAME = "$(TARGET_NAME)";
				SWIFT_VERSION = 4.0;
				TARGETED_DEVICE_FAMILY = "1,2";
				TEST_HOST = "$(BUILT_PRODUCTS_DIR)/SplitWiser.app/SplitWiser";
			};
			name = Debug;
		};
		7376CEE11FD7AF530010C673 /* Release */ = {
			isa = XCBuildConfiguration;
			baseConfigurationReference = 7516BB1B5BB01EE248A22CE4 /* Pods-SplitWiserTests.release.xcconfig */;
			buildSettings = {
				ALWAYS_EMBED_SWIFT_STANDARD_LIBRARIES = YES;
				BUNDLE_LOADER = "$(TEST_HOST)";
				CODE_SIGN_STYLE = Automatic;
				DEVELOPMENT_TEAM = D38394224C;
				HEADER_SEARCH_PATHS = (
					"$(inherited)",
					"\"${PODS_ROOT}/Headers/Public\"",
					"\"${PODS_ROOT}/Headers/Public/Firebase\"",
					"\"${PODS_ROOT}/Headers/Public/FirebaseAnalytics\"",
					"\"${PODS_ROOT}/Headers/Public/FirebaseAuth\"",
					"\"${PODS_ROOT}/Headers/Public/FirebaseCore\"",
					"\"${PODS_ROOT}/Headers/Public/FirebaseDatabase\"",
					"\"${PODS_ROOT}/Headers/Public/FirebaseInstanceID\"",
					"\"${PODS_ROOT}/Headers/Public/FirebaseUI\"",
					"\"${PODS_ROOT}/Headers/Public/GoogleSignIn\"",
					"\"${PODS_ROOT}/Firebase/Core/Sources\"",
				);
				INFOPLIST_FILE = SplitWiserTests/Info.plist;
				LD_RUNPATH_SEARCH_PATHS = "$(inherited) @executable_path/Frameworks @loader_path/Frameworks";
				PRODUCT_BUNDLE_IDENTIFIER = com.sap.SplitWiserTests;
				PRODUCT_NAME = "$(TARGET_NAME)";
				SWIFT_VERSION = 4.0;
				TARGETED_DEVICE_FAMILY = "1,2";
				TEST_HOST = "$(BUILT_PRODUCTS_DIR)/SplitWiser.app/SplitWiser";
			};
			name = Release;
		};
		7376CEE31FD7AF530010C673 /* Debug */ = {
			isa = XCBuildConfiguration;
			baseConfigurationReference = 414802165F3778B9BF033358 /* Pods-SplitWiserUITests.debug.xcconfig */;
			buildSettings = {
				ALWAYS_EMBED_SWIFT_STANDARD_LIBRARIES = YES;
				CODE_SIGN_STYLE = Automatic;
				DEVELOPMENT_TEAM = D38394224C;
				INFOPLIST_FILE = SplitWiserUITests/Info.plist;
				LD_RUNPATH_SEARCH_PATHS = "$(inherited) @executable_path/Frameworks @loader_path/Frameworks";
				PRODUCT_BUNDLE_IDENTIFIER = com.sap.SplitWiserUITests;
				PRODUCT_NAME = "$(TARGET_NAME)";
				SWIFT_VERSION = 4.0;
				TARGETED_DEVICE_FAMILY = "1,2";
				TEST_TARGET_NAME = SplitWiser;
			};
			name = Debug;
		};
		7376CEE41FD7AF530010C673 /* Release */ = {
			isa = XCBuildConfiguration;
			baseConfigurationReference = 145B34C525296BF97FAE3C75 /* Pods-SplitWiserUITests.release.xcconfig */;
			buildSettings = {
				ALWAYS_EMBED_SWIFT_STANDARD_LIBRARIES = YES;
				CODE_SIGN_STYLE = Automatic;
				DEVELOPMENT_TEAM = D38394224C;
				INFOPLIST_FILE = SplitWiserUITests/Info.plist;
				LD_RUNPATH_SEARCH_PATHS = "$(inherited) @executable_path/Frameworks @loader_path/Frameworks";
				PRODUCT_BUNDLE_IDENTIFIER = com.sap.SplitWiserUITests;
				PRODUCT_NAME = "$(TARGET_NAME)";
				SWIFT_VERSION = 4.0;
				TARGETED_DEVICE_FAMILY = "1,2";
				TEST_TARGET_NAME = SplitWiser;
			};
			name = Release;
		};
/* End XCBuildConfiguration section */

/* Begin XCConfigurationList section */
		7376CEAF1FD7AF520010C673 /* Build configuration list for PBXProject "SplitWiser" */ = {
			isa = XCConfigurationList;
			buildConfigurations = (
				7376CEDA1FD7AF530010C673 /* Debug */,
				7376CEDB1FD7AF530010C673 /* Release */,
			);
			defaultConfigurationIsVisible = 0;
			defaultConfigurationName = Release;
		};
		7376CEDC1FD7AF530010C673 /* Build configuration list for PBXNativeTarget "SplitWiser" */ = {
			isa = XCConfigurationList;
			buildConfigurations = (
				7376CEDD1FD7AF530010C673 /* Debug */,
				7376CEDE1FD7AF530010C673 /* Release */,
			);
			defaultConfigurationIsVisible = 0;
			defaultConfigurationName = Release;
		};
		7376CEDF1FD7AF530010C673 /* Build configuration list for PBXNativeTarget "SplitWiserTests" */ = {
			isa = XCConfigurationList;
			buildConfigurations = (
				7376CEE01FD7AF530010C673 /* Debug */,
				7376CEE11FD7AF530010C673 /* Release */,
			);
			defaultConfigurationIsVisible = 0;
			defaultConfigurationName = Release;
		};
		7376CEE21FD7AF530010C673 /* Build configuration list for PBXNativeTarget "SplitWiserUITests" */ = {
			isa = XCConfigurationList;
			buildConfigurations = (
				7376CEE31FD7AF530010C673 /* Debug */,
				7376CEE41FD7AF530010C673 /* Release */,
			);
			defaultConfigurationIsVisible = 0;
			defaultConfigurationName = Release;
		};
/* End XCConfigurationList section */
	};
	rootObject = 7376CEAC1FD7AF520010C673 /* Project object */;
}
